
Microsoft Visual Studio Solution File, Format Version 12.00
# Visual Studio Version 17
VisualStudioVersion = 17.9.34728.123
MinimumVisualStudioVersion = 10.0.40219.1
Project("{FAE04EC0-301F-11D3-BF4B-00C04F79EFBC}") = "BigonApp.Data", "BigonApp.Data\BigonApp.Data.csproj", "{3A0A48E2-54DD-47B2-AEBC-F071041CCF80}"
EndProject
Project("{FAE04EC0-301F-11D3-BF4B-00C04F79EFBC}") = "BigonApp.Infrastructure", "BigonApp.Infrastructure\BigonApp.Infrastructure.csproj", "{92BA9E08-5460-4421-A6D2-A3BD959E28C7}"
EndProject
Project("{FAE04EC0-301F-11D3-BF4B-00C04F79EFBC}") = "BigonApp.Business", "BigonApp.Business\BigonApp.Business.csproj", "{76F8CF56-46C6-4412-B14C-FD16051F307A}"
EndProject
Project("{FAE04EC0-301F-11D3-BF4B-00C04F79EFBC}") = "BigonApp.MVC", "BigonApp.MVC\BigonApp.MVC.csproj", "{180AAD68-D1CF-427F-A30B-776AC9C58CD7}"
EndProject
Global
	GlobalSection(SolutionConfigurationPlatforms) = preSolution
		Debug|Any CPU = Debug|Any CPU
		Release|Any CPU = Release|Any CPU
	EndGlobalSection
	GlobalSection(ProjectConfigurationPlatforms) = postSolution
		{3A0A48E2-54DD-47B2-AEBC-F071041CCF80}.Debug|Any CPU.ActiveCfg = Debug|Any CPU
		{3A0A48E2-54DD-47B2-AEBC-F071041CCF80}.Debug|Any CPU.Build.0 = Debug|Any CPU
		{3A0A48E2-54DD-47B2-AEBC-F071041CCF80}.Release|Any CPU.ActiveCfg = Release|Any CPU
		{3A0A48E2-54DD-47B2-AEBC-F071041CCF80}.Release|Any CPU.Build.0 = Release|Any CPU
		{92BA9E08-5460-4421-A6D2-A3BD959E28C7}.Debug|Any CPU.ActiveCfg = Debug|Any CPU
		{92BA9E08-5460-4421-A6D2-A3BD959E28C7}.Debug|Any CPU.Build.0 = Debug|Any CPU
		{92BA9E08-5460-4421-A6D2-A3BD959E28C7}.Release|Any CPU.ActiveCfg = Release|Any CPU
		{92BA9E08-5460-4421-A6D2-A3BD959E28C7}.Release|Any CPU.Build.0 = Release|Any CPU
		{76F8CF56-46C6-4412-B14C-FD16051F307A}.Debug|Any CPU.ActiveCfg = Debug|Any CPU
		{76F8CF56-46C6-4412-B14C-FD16051F307A}.Debug|Any CPU.Build.0 = Debug|Any CPU
		{76F8CF56-46C6-4412-B14C-FD16051F307A}.Release|Any CPU.ActiveCfg = Release|Any CPU
		{76F8CF56-46C6-4412-B14C-FD16051F307A}.Release|Any CPU.Build.0 = Release|Any CPU
		{180AAD68-D1CF-427F-A30B-776AC9C58CD7}.Debug|Any CPU.ActiveCfg = Debug|Any CPU
		{180AAD68-D1CF-427F-A30B-776AC9C58CD7}.Debug|Any CPU.Build.0 = Debug|Any CPU
		{180AAD68-D1CF-427F-A30B-776AC9C58CD7}.Release|Any CPU.ActiveCfg = Release|Any CPU
		{180AAD68-D1CF-427F-A30B-776AC9C58CD7}.Release|Any CPU.Build.0 = Release|Any CPU
	EndGlobalSection
	GlobalSection(SolutionProperties) = preSolution
		HideSolutionNode = FALSE
	EndGlobalSection
	GlobalSection(ExtensibilityGlobals) = postSolution
		SolutionGuid = {27CE88D5-D5A2-41B6-919B-566D94DEF024}
	EndGlobalSection
EndGlobal
